{
    "name": "music-generator",
    "version": "1.0.0",
    "lockfileVersion": 3,
    "requires": true,
    "packages": {
        "": {
            "name": "music-generator",
            "version": "1.0.0",
            "license": "ISC",
            "dependencies": {
                "pizzicato": "^0.6.4"
            }
        },
        "node_modules/pizzicato": {
            "version": "0.6.4",
            "resolved": "https://registry.npmjs.org/pizzicato/-/pizzicato-0.6.4.tgz",
            "integrity": "sha512-1Y4UGnhdBvCoeRTt4Cor/zPRsH/pEAGsBESy0zeR8mH2i2piJRQLEEctkzUJGo6h64GiepZy+LFaJ/a3riR+WA=="
        }
    }
}
